// !$*UTF8*$!
{
	archiveVersion = 1;
	classes = {
	};
	objectVersion = 56;
	objects = {

/* Begin PBXBuildFile section */
		965B49822BE2B84100C7C4C1 /* MasterOfChatApp.swift in Sources */ = {isa = PBXBuildFile; fileRef = 965B49812BE2B84100C7C4C1 /* MasterOfChatApp.swift */; };
		965B49862BE2B84200C7C4C1 /* Assets.xcassets in Resources */ = {isa = PBXBuildFile; fileRef = 965B49852BE2B84200C7C4C1 /* Assets.xcassets */; };
		965B49892BE2B84200C7C4C1 /* Preview Assets.xcassets in Resources */ = {isa = PBXBuildFile; fileRef = 965B49882BE2B84200C7C4C1 /* Preview Assets.xcassets */; };
		967F74172BE352F100206094 /* SplashView.swift in Sources */ = {isa = PBXBuildFile; fileRef = 967F74162BE352F100206094 /* SplashView.swift */; };
		967F741A2BE3582700206094 /* MainView.swift in Sources */ = {isa = PBXBuildFile; fileRef = 967F74192BE3582700206094 /* MainView.swift */; };
		968ACB3D2BE98C4500B30E21 /* LoginViewModel.swift in Sources */ = {isa = PBXBuildFile; fileRef = 968ACB3C2BE98C4500B30E21 /* LoginViewModel.swift */; };
		9699952F2BFA571D00785141 /* ChatViewModel.swift in Sources */ = {isa = PBXBuildFile; fileRef = 9699952E2BFA571D00785141 /* ChatViewModel.swift */; };
		969995312BFA575400785141 /* Message.swift in Sources */ = {isa = PBXBuildFile; fileRef = 969995302BFA575400785141 /* Message.swift */; };
		96A8A5132BFE387A007B2A93 /* FirebaseService.swift in Sources */ = {isa = PBXBuildFile; fileRef = 96A8A5122BFE387A007B2A93 /* FirebaseService.swift */; };
		96BF03762BF120BD0039AD9E /* AuthViewModel.swift in Sources */ = {isa = PBXBuildFile; fileRef = 96BF03752BF120BD0039AD9E /* AuthViewModel.swift */; };
		96D8E0452BE483BF00828622 /* GoogleService-Info.plist in Resources */ = {isa = PBXBuildFile; fileRef = 96D8E0442BE483BE00828622 /* GoogleService-Info.plist */; };
		96D8E0A22BE4972B00828622 /* FirebaseAuth in Frameworks */ = {isa = PBXBuildFile; productRef = 96D8E0A12BE4972B00828622 /* FirebaseAuth */; };
		96D8E0A42BE4972B00828622 /* FirebaseAuthCombine-Community in Frameworks */ = {isa = PBXBuildFile; productRef = 96D8E0A32BE4972B00828622 /* FirebaseAuthCombine-Community */; };
		96D8E0A62BE4972B00828622 /* FirebaseDatabase in Frameworks */ = {isa = PBXBuildFile; productRef = 96D8E0A52BE4972B00828622 /* FirebaseDatabase */; };
		96D8E0A82BE4972B00828622 /* FirebaseDatabaseSwift in Frameworks */ = {isa = PBXBuildFile; productRef = 96D8E0A72BE4972B00828622 /* FirebaseDatabaseSwift */; };
		96D8E0AA2BE4972B00828622 /* FirebaseFirestore in Frameworks */ = {isa = PBXBuildFile; productRef = 96D8E0A92BE4972B00828622 /* FirebaseFirestore */; };
		96D8E0AC2BE4972C00828622 /* FirebaseFirestoreCombine-Community in Frameworks */ = {isa = PBXBuildFile; productRef = 96D8E0AB2BE4972C00828622 /* FirebaseFirestoreCombine-Community */; };
		96D8E0AE2BE4972C00828622 /* FirebaseFirestoreSwift in Frameworks */ = {isa = PBXBuildFile; productRef = 96D8E0AD2BE4972C00828622 /* FirebaseFirestoreSwift */; };
		96D8E0B02BE4972C00828622 /* FirebaseFunctions in Frameworks */ = {isa = PBXBuildFile; productRef = 96D8E0AF2BE4972C00828622 /* FirebaseFunctions */; };
		96D8E0B22BE4972C00828622 /* FirebaseFunctionsCombine-Community in Frameworks */ = {isa = PBXBuildFile; productRef = 96D8E0B12BE4972C00828622 /* FirebaseFunctionsCombine-Community */; };
		96D8E0B42BE4972C00828622 /* FirebaseInAppMessaging-Beta in Frameworks */ = {isa = PBXBuildFile; productRef = 96D8E0B32BE4972C00828622 /* FirebaseInAppMessaging-Beta */; };
		96D8E0B62BE4972C00828622 /* FirebaseInAppMessagingSwift-Beta in Frameworks */ = {isa = PBXBuildFile; productRef = 96D8E0B52BE4972C00828622 /* FirebaseInAppMessagingSwift-Beta */; };
		96D8E0B82BE4972C00828622 /* FirebaseInstallations in Frameworks */ = {isa = PBXBuildFile; productRef = 96D8E0B72BE4972C00828622 /* FirebaseInstallations */; };
		96D8E0BA2BE4972C00828622 /* FirebaseStorage in Frameworks */ = {isa = PBXBuildFile; productRef = 96D8E0B92BE4972C00828622 /* FirebaseStorage */; };
		96D8E0BC2BE4972C00828622 /* FirebaseStorageCombine-Community in Frameworks */ = {isa = PBXBuildFile; productRef = 96D8E0BB2BE4972C00828622 /* FirebaseStorageCombine-Community */; };
		96D8E0C02BE4ACF100828622 /* LoginView.swift in Sources */ = {isa = PBXBuildFile; fileRef = 96D8E0BF2BE4ACF100828622 /* LoginView.swift */; };
		96D8E0C32BE4AF0000828622 /* RegisterView.swift in Sources */ = {isa = PBXBuildFile; fileRef = 96D8E0C22BE4AF0000828622 /* RegisterView.swift */; };
		96E49B442BFCEABD009106B9 /* Constans.swift in Sources */ = {isa = PBXBuildFile; fileRef = 96E49B432BFCEABD009106B9 /* Constans.swift */; };
		96EFE9AC2BF1DF9500E15829 /* RegisterViewModel.swift in Sources */ = {isa = PBXBuildFile; fileRef = 96EFE9AB2BF1DF9500E15829 /* RegisterViewModel.swift */; };
		96FFA32D2BFBAB71001EF3B2 /* MessageCell.swift in Sources */ = {isa = PBXBuildFile; fileRef = 96FFA32C2BFBAB71001EF3B2 /* MessageCell.swift */; };
/* End PBXBuildFile section */

/* Begin PBXFileReference section */
		965B497E2BE2B84100C7C4C1 /* MasterOfChat.app */ = {isa = PBXFileReference; explicitFileType = wrapper.application; includeInIndex = 0; path = MasterOfChat.app; sourceTree = BUILT_PRODUCTS_DIR; };
		965B49812BE2B84100C7C4C1 /* MasterOfChatApp.swift */ = {isa = PBXFileReference; lastKnownFileType = sourcecode.swift; path = MasterOfChatApp.swift; sourceTree = "<group>"; };
		965B49852BE2B84200C7C4C1 /* Assets.xcassets */ = {isa = PBXFileReference; lastKnownFileType = folder.assetcatalog; path = Assets.xcassets; sourceTree = "<group>"; };
		965B49882BE2B84200C7C4C1 /* Preview Assets.xcassets */ = {isa = PBXFileReference; lastKnownFileType = folder.assetcatalog; path = "Preview Assets.xcassets"; sourceTree = "<group>"; };
		967F74162BE352F100206094 /* SplashView.swift */ = {isa = PBXFileReference; lastKnownFileType = sourcecode.swift; path = SplashView.swift; sourceTree = "<group>"; };
		967F74192BE3582700206094 /* MainView.swift */ = {isa = PBXFileReference; lastKnownFileType = sourcecode.swift; path = MainView.swift; sourceTree = "<group>"; };
		968ACB3C2BE98C4500B30E21 /* LoginViewModel.swift */ = {isa = PBXFileReference; lastKnownFileType = sourcecode.swift; path = LoginViewModel.swift; sourceTree = "<group>"; };
		9699952E2BFA571D00785141 /* ChatViewModel.swift */ = {isa = PBXFileReference; lastKnownFileType = sourcecode.swift; path = ChatViewModel.swift; sourceTree = "<group>"; };
		969995302BFA575400785141 /* Message.swift */ = {isa = PBXFileReference; lastKnownFileType = sourcecode.swift; path = Message.swift; sourceTree = "<group>"; };
		96A8A5122BFE387A007B2A93 /* FirebaseService.swift */ = {isa = PBXFileReference; lastKnownFileType = sourcecode.swift; path = FirebaseService.swift; sourceTree = "<group>"; };
		96BF03752BF120BD0039AD9E /* AuthViewModel.swift */ = {isa = PBXFileReference; lastKnownFileType = sourcecode.swift; path = AuthViewModel.swift; sourceTree = "<group>"; };
		96D8E0442BE483BE00828622 /* GoogleService-Info.plist */ = {isa = PBXFileReference; fileEncoding = 4; lastKnownFileType = text.plist.xml; path = "GoogleService-Info.plist"; sourceTree = "<group>"; };
		96D8E0BF2BE4ACF100828622 /* LoginView.swift */ = {isa = PBXFileReference; lastKnownFileType = sourcecode.swift; path = LoginView.swift; sourceTree = "<group>"; };
		96D8E0C22BE4AF0000828622 /* RegisterView.swift */ = {isa = PBXFileReference; lastKnownFileType = sourcecode.swift; path = RegisterView.swift; sourceTree = "<group>"; };
		96E49B432BFCEABD009106B9 /* Constans.swift */ = {isa = PBXFileReference; lastKnownFileType = sourcecode.swift; path = Constans.swift; sourceTree = "<group>"; };
		96EFE9AB2BF1DF9500E15829 /* RegisterViewModel.swift */ = {isa = PBXFileReference; lastKnownFileType = sourcecode.swift; path = RegisterViewModel.swift; sourceTree = "<group>"; };
		96FFA32C2BFBAB71001EF3B2 /* MessageCell.swift */ = {isa = PBXFileReference; lastKnownFileType = sourcecode.swift; path = MessageCell.swift; sourceTree = "<group>"; };
/* End PBXFileReference section */

/* Begin PBXFrameworksBuildPhase section */
		965B497B2BE2B84100C7C4C1 /* Frameworks */ = {
			isa = PBXFrameworksBuildPhase;
			buildActionMask = 2147483647;
			files = (
				96D8E0B62BE4972C00828622 /* FirebaseInAppMessagingSwift-Beta in Frameworks */,
				96D8E0A82BE4972B00828622 /* FirebaseDatabaseSwift in Frameworks */,
				96D8E0A62BE4972B00828622 /* FirebaseDatabase in Frameworks */,
				96D8E0B82BE4972C00828622 /* FirebaseInstallations in Frameworks */,
				96D8E0B22BE4972C00828622 /* FirebaseFunctionsCombine-Community in Frameworks */,
				96D8E0A22BE4972B00828622 /* FirebaseAuth in Frameworks */,
				96D8E0B02BE4972C00828622 /* FirebaseFunctions in Frameworks */,
				96D8E0AE2BE4972C00828622 /* FirebaseFirestoreSwift in Frameworks */,
				96D8E0BC2BE4972C00828622 /* FirebaseStorageCombine-Community in Frameworks */,
				96D8E0BA2BE4972C00828622 /* FirebaseStorage in Frameworks */,
				96D8E0AC2BE4972C00828622 /* FirebaseFirestoreCombine-Community in Frameworks */,
				96D8E0AA2BE4972B00828622 /* FirebaseFirestore in Frameworks */,
				96D8E0A42BE4972B00828622 /* FirebaseAuthCombine-Community in Frameworks */,
				96D8E0B42BE4972C00828622 /* FirebaseInAppMessaging-Beta in Frameworks */,
			);
			runOnlyForDeploymentPostprocessing = 0;
		};
/* End PBXFrameworksBuildPhase section */

/* Begin PBXGroup section */
		965B49752BE2B84100C7C4C1 = {
			isa = PBXGroup;
			children = (
				965B49802BE2B84100C7C4C1 /* MasterOfChat */,
				965B497F2BE2B84100C7C4C1 /* Products */,
			);
			sourceTree = "<group>";
		};
		965B497F2BE2B84100C7C4C1 /* Products */ = {
			isa = PBXGroup;
			children = (
				965B497E2BE2B84100C7C4C1 /* MasterOfChat.app */,
			);
			name = Products;
			sourceTree = "<group>";
		};
		965B49802BE2B84100C7C4C1 /* MasterOfChat */ = {
			isa = PBXGroup;
			children = (
				967F74142BE351BE00206094 /* App */,
				96A8A5112BFE3853007B2A93 /* APIService */,
				967F74132BE351B300206094 /* Model */,
				967F74122BE351AA00206094 /* ViewModels */,
				967F74112BE3519C00206094 /* Views */,
				96E49B422BFCEA60009106B9 /* Resources */,
				965B49852BE2B84200C7C4C1 /* Assets.xcassets */,
				96D8E0442BE483BE00828622 /* GoogleService-Info.plist */,
				965B49872BE2B84200C7C4C1 /* Preview Content */,
			);
			path = MasterOfChat;
			sourceTree = "<group>";
		};
		965B49872BE2B84200C7C4C1 /* Preview Content */ = {
			isa = PBXGroup;
			children = (
				965B49882BE2B84200C7C4C1 /* Preview Assets.xcassets */,
			);
			path = "Preview Content";
			sourceTree = "<group>";
		};
		967F74112BE3519C00206094 /* Views */ = {
			isa = PBXGroup;
			children = (
				967F74152BE352D100206094 /* Common */,
				96D8E0C12BE4AEC200828622 /* UserView */,
				967F74182BE3580700206094 /* Main */,
			);
			path = Views;
			sourceTree = "<group>";
		};
		967F74122BE351AA00206094 /* ViewModels */ = {
			isa = PBXGroup;
			children = (
				9699952D2BFA56CC00785141 /* MainViewModel */,
				968ACB3C2BE98C4500B30E21 /* LoginViewModel.swift */,
				96EFE9AB2BF1DF9500E15829 /* RegisterViewModel.swift */,
			);
			path = ViewModels;
			sourceTree = "<group>";
		};
		967F74132BE351B300206094 /* Model */ = {
			isa = PBXGroup;
			children = (
				969995302BFA575400785141 /* Message.swift */,
			);
			path = Model;
			sourceTree = "<group>";
		};
		967F74142BE351BE00206094 /* App */ = {
			isa = PBXGroup;
			children = (
				965B49812BE2B84100C7C4C1 /* MasterOfChatApp.swift */,
			);
			path = App;
			sourceTree = "<group>";
		};
		967F74152BE352D100206094 /* Common */ = {
			isa = PBXGroup;
			children = (
				967F74162BE352F100206094 /* SplashView.swift */,
			);
			path = Common;
			sourceTree = "<group>";
		};
		967F74182BE3580700206094 /* Main */ = {
			isa = PBXGroup;
			children = (
				96FFA32E2BFBAF80001EF3B2 /* SubViews */,
				967F74192BE3582700206094 /* MainView.swift */,
			);
			path = Main;
			sourceTree = "<group>";
		};
		9699952D2BFA56CC00785141 /* MainViewModel */ = {
			isa = PBXGroup;
			children = (
				96BF03752BF120BD0039AD9E /* AuthViewModel.swift */,
				9699952E2BFA571D00785141 /* ChatViewModel.swift */,
			);
			path = MainViewModel;
			sourceTree = "<group>";
		};
		96A8A5112BFE3853007B2A93 /* APIService */ = {
			isa = PBXGroup;
			children = (
				96A8A5122BFE387A007B2A93 /* FirebaseService.swift */,
			);
			path = APIService;
			sourceTree = "<group>";
		};
		96D8E0C12BE4AEC200828622 /* UserView */ = {
			isa = PBXGroup;
			children = (
				96D8E0BF2BE4ACF100828622 /* LoginView.swift */,
				96D8E0C22BE4AF0000828622 /* RegisterView.swift */,
			);
			path = UserView;
			sourceTree = "<group>";
		};
		96E49B422BFCEA60009106B9 /* Resources */ = {
			isa = PBXGroup;
			children = (
				96E49B432BFCEABD009106B9 /* Constans.swift */,
			);
			path = Resources;
			sourceTree = "<group>";
		};
		96FFA32E2BFBAF80001EF3B2 /* SubViews */ = {
			isa = PBXGroup;
			children = (
				96FFA32C2BFBAB71001EF3B2 /* MessageCell.swift */,
			);
			path = SubViews;
			sourceTree = "<group>";
		};
/* End PBXGroup section */

/* Begin PBXNativeTarget section */
		965B497D2BE2B84100C7C4C1 /* MasterOfChat */ = {
			isa = PBXNativeTarget;
			buildConfigurationList = 965B498C2BE2B84200C7C4C1 /* Build configuration list for PBXNativeTarget "MasterOfChat" */;
			buildPhases = (
				965B497A2BE2B84100C7C4C1 /* Sources */,
				965B497B2BE2B84100C7C4C1 /* Frameworks */,
				965B497C2BE2B84100C7C4C1 /* Resources */,
			);
			buildRules = (
			);
			dependencies = (
			);
			name = MasterOfChat;
			packageProductDependencies = (
				96D8E0A12BE4972B00828622 /* FirebaseAuth */,
				96D8E0A32BE4972B00828622 /* FirebaseAuthCombine-Community */,
				96D8E0A52BE4972B00828622 /* FirebaseDatabase */,
				96D8E0A72BE4972B00828622 /* FirebaseDatabaseSwift */,
				96D8E0A92BE4972B00828622 /* FirebaseFirestore */,
				96D8E0AB2BE4972C00828622 /* FirebaseFirestoreCombine-Community */,
				96D8E0AD2BE4972C00828622 /* FirebaseFirestoreSwift */,
				96D8E0AF2BE4972C00828622 /* FirebaseFunctions */,
				96D8E0B12BE4972C00828622 /* FirebaseFunctionsCombine-Community */,
				96D8E0B32BE4972C00828622 /* FirebaseInAppMessaging-Beta */,
				96D8E0B52BE4972C00828622 /* FirebaseInAppMessagingSwift-Beta */,
				96D8E0B72BE4972C00828622 /* FirebaseInstallations */,
				96D8E0B92BE4972C00828622 /* FirebaseStorage */,
				96D8E0BB2BE4972C00828622 /* FirebaseStorageCombine-Community */,
			);
			productName = MasterOfChat;
			productReference = 965B497E2BE2B84100C7C4C1 /* MasterOfChat.app */;
			productType = "com.apple.product-type.application";
		};
/* End PBXNativeTarget section */

/* Begin PBXProject section */
		965B49762BE2B84100C7C4C1 /* Project object */ = {
			isa = PBXProject;
			attributes = {
				BuildIndependentTargetsInParallel = 1;
				LastSwiftUpdateCheck = 1500;
				LastUpgradeCheck = 1500;
				TargetAttributes = {
					965B497D2BE2B84100C7C4C1 = {
						CreatedOnToolsVersion = 15.0;
					};
				};
			};
			buildConfigurationList = 965B49792BE2B84100C7C4C1 /* Build configuration list for PBXProject "MasterOfChat" */;
			compatibilityVersion = "Xcode 14.0";
			developmentRegion = en;
			hasScannedForEncodings = 0;
			knownRegions = (
				en,
				Base,
			);
			mainGroup = 965B49752BE2B84100C7C4C1;
			packageReferences = (
				96D8E0A02BE4972B00828622 /* XCRemoteSwiftPackageReference "firebase-ios-sdk" */,
			);
			productRefGroup = 965B497F2BE2B84100C7C4C1 /* Products */;
			projectDirPath = "";
			projectRoot = "";
			targets = (
				965B497D2BE2B84100C7C4C1 /* MasterOfChat */,
			);
		};
/* End PBXProject section */

/* Begin PBXResourcesBuildPhase section */
		965B497C2BE2B84100C7C4C1 /* Resources */ = {
			isa = PBXResourcesBuildPhase;
			buildActionMask = 2147483647;
			files = (
				965B49892BE2B84200C7C4C1 /* Preview Assets.xcassets in Resources */,
				965B49862BE2B84200C7C4C1 /* Assets.xcassets in Resources */,
				96D8E0452BE483BF00828622 /* GoogleService-Info.plist in Resources */,
			);
			runOnlyForDeploymentPostprocessing = 0;
		};
/* End PBXResourcesBuildPhase section */

/* Begin PBXSourcesBuildPhase section */
		965B497A2BE2B84100C7C4C1 /* Sources */ = {
			isa = PBXSourcesBuildPhase;
			buildActionMask = 2147483647;
			files = (
				96FFA32D2BFBAB71001EF3B2 /* MessageCell.swift in Sources */,
				96BF03762BF120BD0039AD9E /* AuthViewModel.swift in Sources */,
				96E49B442BFCEABD009106B9 /* Constans.swift in Sources */,
				967F741A2BE3582700206094 /* MainView.swift in Sources */,
				965B49822BE2B84100C7C4C1 /* MasterOfChatApp.swift in Sources */,
				96EFE9AC2BF1DF9500E15829 /* RegisterViewModel.swift in Sources */,
				96D8E0C32BE4AF0000828622 /* RegisterView.swift in Sources */,
				96D8E0C02BE4ACF100828622 /* LoginView.swift in Sources */,
				968ACB3D2BE98C4500B30E21 /* LoginViewModel.swift in Sources */,
				969995312BFA575400785141 /* Message.swift in Sources */,
				96A8A5132BFE387A007B2A93 /* FirebaseService.swift in Sources */,
				9699952F2BFA571D00785141 /* ChatViewModel.swift in Sources */,
				967F74172BE352F100206094 /* SplashView.swift in Sources */,
			);
			runOnlyForDeploymentPostprocessing = 0;
		};
/* End PBXSourcesBuildPhase section */

/* Begin XCBuildConfiguration section */
		965B498A2BE2B84200C7C4C1 /* Debug */ = {
			isa = XCBuildConfiguration;
			buildSettings = {
				ALWAYS_SEARCH_USER_PATHS = NO;
				ASSETCATALOG_COMPILER_GENERATE_SWIFT_ASSET_SYMBOL_EXTENSIONS = YES;
				CLANG_ANALYZER_NONNULL = YES;
				CLANG_ANALYZER_NUMBER_OBJECT_CONVERSION = YES_AGGRESSIVE;
				CLANG_CXX_LANGUAGE_STANDARD = "gnu++20";
				CLANG_ENABLE_MODULES = YES;
				CLANG_ENABLE_OBJC_ARC = YES;
				CLANG_ENABLE_OBJC_WEAK = YES;
				CLANG_WARN_BLOCK_CAPTURE_AUTORELEASING = YES;
				CLANG_WARN_BOOL_CONVERSION = YES;
				CLANG_WARN_COMMA = YES;
				CLANG_WARN_CONSTANT_CONVERSION = YES;
				CLANG_WARN_DEPRECATED_OBJC_IMPLEMENTATIONS = YES;
				CLANG_WARN_DIRECT_OBJC_ISA_USAGE = YES_ERROR;
				CLANG_WARN_DOCUMENTATION_COMMENTS = YES;
				CLANG_WARN_EMPTY_BODY = YES;
				CLANG_WARN_ENUM_CONVERSION = YES;
				CLANG_WARN_INFINITE_RECURSION = YES;
				CLANG_WARN_INT_CONVERSION = YES;
				CLANG_WARN_NON_LITERAL_NULL_CONVERSION = YES;
				CLANG_WARN_OBJC_IMPLICIT_RETAIN_SELF = YES;
				CLANG_WARN_OBJC_LITERAL_CONVERSION = YES;
				CLANG_WARN_OBJC_ROOT_CLASS = YES_ERROR;
				CLANG_WARN_QUOTED_INCLUDE_IN_FRAMEWORK_HEADER = YES;
				CLANG_WARN_RANGE_LOOP_ANALYSIS = YES;
				CLANG_WARN_STRICT_PROTOTYPES = YES;
				CLANG_WARN_SUSPICIOUS_MOVE = YES;
				CLANG_WARN_UNGUARDED_AVAILABILITY = YES_AGGRESSIVE;
				CLANG_WARN_UNREACHABLE_CODE = YES;
				CLANG_WARN__DUPLICATE_METHOD_MATCH = YES;
				COPY_PHASE_STRIP = NO;
				DEBUG_INFORMATION_FORMAT = dwarf;
				ENABLE_STRICT_OBJC_MSGSEND = YES;
				ENABLE_TESTABILITY = YES;
				ENABLE_USER_SCRIPT_SANDBOXING = YES;
				GCC_C_LANGUAGE_STANDARD = gnu17;
				GCC_DYNAMIC_NO_PIC = NO;
				GCC_NO_COMMON_BLOCKS = YES;
				GCC_OPTIMIZATION_LEVEL = 0;
				GCC_PREPROCESSOR_DEFINITIONS = (
					"DEBUG=1",
					"$(inherited)",
				);
				GCC_WARN_64_TO_32_BIT_CONVERSION = YES;
				GCC_WARN_ABOUT_RETURN_TYPE = YES_ERROR;
				GCC_WARN_UNDECLARED_SELECTOR = YES;
				GCC_WARN_UNINITIALIZED_AUTOS = YES_AGGRESSIVE;
				GCC_WARN_UNUSED_FUNCTION = YES;
				GCC_WARN_UNUSED_VARIABLE = YES;
				IPHONEOS_DEPLOYMENT_TARGET = 17.0;
				LOCALIZATION_PREFERS_STRING_CATALOGS = YES;
				MTL_ENABLE_DEBUG_INFO = INCLUDE_SOURCE;
				MTL_FAST_MATH = YES;
				ONLY_ACTIVE_ARCH = YES;
				SDKROOT = iphoneos;
				SWIFT_ACTIVE_COMPILATION_CONDITIONS = "DEBUG $(inherited)";
				SWIFT_OPTIMIZATION_LEVEL = "-Onone";
			};
			name = Debug;
		};
		965B498B2BE2B84200C7C4C1 /* Release */ = {
			isa = XCBuildConfiguration;
			buildSettings = {
				ALWAYS_SEARCH_USER_PATHS = NO;
				ASSETCATALOG_COMPILER_GENERATE_SWIFT_ASSET_SYMBOL_EXTENSIONS = YES;
				CLANG_ANALYZER_NONNULL = YES;
				CLANG_ANALYZER_NUMBER_OBJECT_CONVERSION = YES_AGGRESSIVE;
				CLANG_CXX_LANGUAGE_STANDARD = "gnu++20";
				CLANG_ENABLE_MODULES = YES;
				CLANG_ENABLE_OBJC_ARC = YES;
				CLANG_ENABLE_OBJC_WEAK = YES;
				CLANG_WARN_BLOCK_CAPTURE_AUTORELEASING = YES;
				CLANG_WARN_BOOL_CONVERSION = YES;
				CLANG_WARN_COMMA = YES;
				CLANG_WARN_CONSTANT_CONVERSION = YES;
				CLANG_WARN_DEPRECATED_OBJC_IMPLEMENTATIONS = YES;
				CLANG_WARN_DIRECT_OBJC_ISA_USAGE = YES_ERROR;
				CLANG_WARN_DOCUMENTATION_COMMENTS = YES;
				CLANG_WARN_EMPTY_BODY = YES;
				CLANG_WARN_ENUM_CONVERSION = YES;
				CLANG_WARN_INFINITE_RECURSION = YES;
				CLANG_WARN_INT_CONVERSION = YES;
				CLANG_WARN_NON_LITERAL_NULL_CONVERSION = YES;
				CLANG_WARN_OBJC_IMPLICIT_RETAIN_SELF = YES;
				CLANG_WARN_OBJC_LITERAL_CONVERSION = YES;
				CLANG_WARN_OBJC_ROOT_CLASS = YES_ERROR;
				CLANG_WARN_QUOTED_INCLUDE_IN_FRAMEWORK_HEADER = YES;
				CLANG_WARN_RANGE_LOOP_ANALYSIS = YES;
				CLANG_WARN_STRICT_PROTOTYPES = YES;
				CLANG_WARN_SUSPICIOUS_MOVE = YES;
				CLANG_WARN_UNGUARDED_AVAILABILITY = YES_AGGRESSIVE;
				CLANG_WARN_UNREACHABLE_CODE = YES;
				CLANG_WARN__DUPLICATE_METHOD_MATCH = YES;
				COPY_PHASE_STRIP = NO;
				DEBUG_INFORMATION_FORMAT = "dwarf-with-dsym";
				ENABLE_NS_ASSERTIONS = NO;
				ENABLE_STRICT_OBJC_MSGSEND = YES;
				ENABLE_USER_SCRIPT_SANDBOXING = YES;
				GCC_C_LANGUAGE_STANDARD = gnu17;
				GCC_NO_COMMON_BLOCKS = YES;
				GCC_WARN_64_TO_32_BIT_CONVERSION = YES;
				GCC_WARN_ABOUT_RETURN_TYPE = YES_ERROR;
				GCC_WARN_UNDECLARED_SELECTOR = YES;
				GCC_WARN_UNINITIALIZED_AUTOS = YES_AGGRESSIVE;
				GCC_WARN_UNUSED_FUNCTION = YES;
				GCC_WARN_UNUSED_VARIABLE = YES;
				IPHONEOS_DEPLOYMENT_TARGET = 17.0;
				LOCALIZATION_PREFERS_STRING_CATALOGS = YES;
				MTL_ENABLE_DEBUG_INFO = NO;
				MTL_FAST_MATH = YES;
				SDKROOT = iphoneos;
				SWIFT_COMPILATION_MODE = wholemodule;
				VALIDATE_PRODUCT = YES;
			};
			name = Release;
		};
		965B498D2BE2B84200C7C4C1 /* Debug */ = {
			isa = XCBuildConfiguration;
			buildSettings = {
				ASSETCATALOG_COMPILER_APPICON_NAME = AppIcon;
				ASSETCATALOG_COMPILER_GLOBAL_ACCENT_COLOR_NAME = AccentColor;
				CODE_SIGN_STYLE = Automatic;
				CURRENT_PROJECT_VERSION = 1;
				DEVELOPMENT_ASSET_PATHS = "\"MasterOfChat/Preview Content\"";
				ENABLE_PREVIEWS = YES;
				GENERATE_INFOPLIST_FILE = YES;
				INFOPLIST_KEY_UIApplicationSceneManifest_Generation = YES;
				INFOPLIST_KEY_UIApplicationSupportsIndirectInputEvents = YES;
				INFOPLIST_KEY_UILaunchScreen_Generation = YES;
				INFOPLIST_KEY_UISupportedInterfaceOrientations_iPad = "UIInterfaceOrientationPortrait UIInterfaceOrientationPortraitUpsideDown UIInterfaceOrientationLandscapeLeft UIInterfaceOrientationLandscapeRight";
				INFOPLIST_KEY_UISupportedInterfaceOrientations_iPhone = "UIInterfaceOrientationPortrait UIInterfaceOrientationLandscapeLeft UIInterfaceOrientationLandscapeRight";
				IPHONEOS_DEPLOYMENT_TARGET = 16.0;
				LD_RUNPATH_SEARCH_PATHS = (
					"$(inherited)",
					"@executable_path/Frameworks",
				);
				MARKETING_VERSION = 1.0;
				PRODUCT_BUNDLE_IDENTIFIER = kr.yeol.MasterOfChat;
				PRODUCT_NAME = "$(TARGET_NAME)";
				SUPPORTED_PLATFORMS = "iphoneos iphonesimulator";
				SUPPORTS_MACCATALYST = NO;
				SUPPORTS_MAC_DESIGNED_FOR_IPHONE_IPAD = NO;
				SWIFT_EMIT_LOC_STRINGS = YES;
				SWIFT_VERSION = 5.0;
				TARGETED_DEVICE_FAMILY = "1,2";
			};
			name = Debug;
		};
		965B498E2BE2B84200C7C4C1 /* Release */ = {
			isa = XCBuildConfiguration;
			buildSettings = {
				ASSETCATALOG_COMPILER_APPICON_NAME = AppIcon;
				ASSETCATALOG_COMPILER_GLOBAL_ACCENT_COLOR_NAME = AccentColor;
				CODE_SIGN_STYLE = Automatic;
				CURRENT_PROJECT_VERSION = 1;
				DEVELOPMENT_ASSET_PATHS = "\"MasterOfChat/Preview Content\"";
				ENABLE_PREVIEWS = YES;
				GENERATE_INFOPLIST_FILE = YES;
				INFOPLIST_KEY_UIApplicationSceneManifest_Generation = YES;
				INFOPLIST_KEY_UIApplicationSupportsIndirectInputEvents = YES;
				INFOPLIST_KEY_UILaunchScreen_Generation = YES;
				INFOPLIST_KEY_UISupportedInterfaceOrientations_iPad = "UIInterfaceOrientationPortrait UIInterfaceOrientationPortraitUpsideDown UIInterfaceOrientationLandscapeLeft UIInterfaceOrientationLandscapeRight";
				INFOPLIST_KEY_UISupportedInterfaceOrientations_iPhone = "UIInterfaceOrientationPortrait UIInterfaceOrientationLandscapeLeft UIInterfaceOrientationLandscapeRight";
				IPHONEOS_DEPLOYMENT_TARGET = 16.0;
				LD_RUNPATH_SEARCH_PATHS = (
					"$(inherited)",
					"@executable_path/Frameworks",
				);
				MARKETING_VERSION = 1.0;
				PRODUCT_BUNDLE_IDENTIFIER = kr.yeol.MasterOfChat;
				PRODUCT_NAME = "$(TARGET_NAME)";
				SUPPORTED_PLATFORMS = "iphoneos iphonesimulator";
				SUPPORTS_MACCATALYST = NO;
				SUPPORTS_MAC_DESIGNED_FOR_IPHONE_IPAD = NO;
				SWIFT_EMIT_LOC_STRINGS = YES;
				SWIFT_VERSION = 5.0;
				TARGETED_DEVICE_FAMILY = "1,2";
			};
			name = Release;
		};
/* End XCBuildConfiguration section */

/* Begin XCConfigurationList section */
		965B49792BE2B84100C7C4C1 /* Build configuration list for PBXProject "MasterOfChat" */ = {
			isa = XCConfigurationList;
			buildConfigurations = (
				965B498A2BE2B84200C7C4C1 /* Debug */,
				965B498B2BE2B84200C7C4C1 /* Release */,
			);
			defaultConfigurationIsVisible = 0;
			defaultConfigurationName = Release;
		};
		965B498C2BE2B84200C7C4C1 /* Build configuration list for PBXNativeTarget "MasterOfChat" */ = {
			isa = XCConfigurationList;
			buildConfigurations = (
				965B498D2BE2B84200C7C4C1 /* Debug */,
				965B498E2BE2B84200C7C4C1 /* Release */,
			);
			defaultConfigurationIsVisible = 0;
			defaultConfigurationName = Release;
		};
/* End XCConfigurationList section */

/* Begin XCRemoteSwiftPackageReference section */
		96D8E0A02BE4972B00828622 /* XCRemoteSwiftPackageReference "firebase-ios-sdk" */ = {
			isa = XCRemoteSwiftPackageReference;
			repositoryURL = "https://github.com/firebase/firebase-ios-sdk";
			requirement = {
				kind = upToNextMajorVersion;
				minimumVersion = 10.25.0;
			};
		};
/* End XCRemoteSwiftPackageReference section */

/* Begin XCSwiftPackageProductDependency section */
		96D8E0A12BE4972B00828622 /* FirebaseAuth */ = {
			isa = XCSwiftPackageProductDependency;
			package = 96D8E0A02BE4972B00828622 /* XCRemoteSwiftPackageReference "firebase-ios-sdk" */;
			productName = FirebaseAuth;
		};
		96D8E0A32BE4972B00828622 /* FirebaseAuthCombine-Community */ = {
			isa = XCSwiftPackageProductDependency;
			package = 96D8E0A02BE4972B00828622 /* XCRemoteSwiftPackageReference "firebase-ios-sdk" */;
			productName = "FirebaseAuthCombine-Community";
		};
		96D8E0A52BE4972B00828622 /* FirebaseDatabase */ = {
			isa = XCSwiftPackageProductDependency;
			package = 96D8E0A02BE4972B00828622 /* XCRemoteSwiftPackageReference "firebase-ios-sdk" */;
			productName = FirebaseDatabase;
		};
		96D8E0A72BE4972B00828622 /* FirebaseDatabaseSwift */ = {
			isa = XCSwiftPackageProductDependency;
			package = 96D8E0A02BE4972B00828622 /* XCRemoteSwiftPackageReference "firebase-ios-sdk" */;
			productName = FirebaseDatabaseSwift;
		};
		96D8E0A92BE4972B00828622 /* FirebaseFirestore */ = {
			isa = XCSwiftPackageProductDependency;
			package = 96D8E0A02BE4972B00828622 /* XCRemoteSwiftPackageReference "firebase-ios-sdk" */;
			productName = FirebaseFirestore;
		};
		96D8E0AB2BE4972C00828622 /* FirebaseFirestoreCombine-Community */ = {
			isa = XCSwiftPackageProductDependency;
			package = 96D8E0A02BE4972B00828622 /* XCRemoteSwiftPackageReference "firebase-ios-sdk" */;
			productName = "FirebaseFirestoreCombine-Community";
		};
		96D8E0AD2BE4972C00828622 /* FirebaseFirestoreSwift */ = {
			isa = XCSwiftPackageProductDependency;
			package = 96D8E0A02BE4972B00828622 /* XCRemoteSwiftPackageReference "firebase-ios-sdk" */;
			productName = FirebaseFirestoreSwift;
		};
		96D8E0AF2BE4972C00828622 /* FirebaseFunctions */ = {
			isa = XCSwiftPackageProductDependency;
			package = 96D8E0A02BE4972B00828622 /* XCRemoteSwiftPackageReference "firebase-ios-sdk" */;
			productName = FirebaseFunctions;
		};
		96D8E0B12BE4972C00828622 /* FirebaseFunctionsCombine-Community */ = {
			isa = XCSwiftPackageProductDependency;
			package = 96D8E0A02BE4972B00828622 /* XCRemoteSwiftPackageReference "firebase-ios-sdk" */;
			productName = "FirebaseFunctionsCombine-Community";
		};
		96D8E0B32BE4972C00828622 /* FirebaseInAppMessaging-Beta */ = {
			isa = XCSwiftPackageProductDependency;
			package = 96D8E0A02BE4972B00828622 /* XCRemoteSwiftPackageReference "firebase-ios-sdk" */;
			productName = "FirebaseInAppMessaging-Beta";
		};
		96D8E0B52BE4972C00828622 /* FirebaseInAppMessagingSwift-Beta */ = {
			isa = XCSwiftPackageProductDependency;
			package = 96D8E0A02BE4972B00828622 /* XCRemoteSwiftPackageReference "firebase-ios-sdk" */;
			productName = "FirebaseInAppMessagingSwift-Beta";
		};
		96D8E0B72BE4972C00828622 /* FirebaseInstallations */ = {
			isa = XCSwiftPackageProductDependency;
			package = 96D8E0A02BE4972B00828622 /* XCRemoteSwiftPackageReference "firebase-ios-sdk" */;
			productName = FirebaseInstallations;
		};
		96D8E0B92BE4972C00828622 /* FirebaseStorage */ = {
			isa = XCSwiftPackageProductDependency;
			package = 96D8E0A02BE4972B00828622 /* XCRemoteSwiftPackageReference "firebase-ios-sdk" */;
			productName = FirebaseStorage;
		};
		96D8E0BB2BE4972C00828622 /* FirebaseStorageCombine-Community */ = {
			isa = XCSwiftPackageProductDependency;
			package = 96D8E0A02BE4972B00828622 /* XCRemoteSwiftPackageReference "firebase-ios-sdk" */;
			productName = "FirebaseStorageCombine-Community";
		};
/* End XCSwiftPackageProductDependency section */
	};
	rootObject = 965B49762BE2B84100C7C4C1 /* Project object */;
}
